
Microsoft Visual Studio Solution File, Format Version 12.00
# Visual Studio Version 16
VisualStudioVersion = 16.0.31702.278
MinimumVisualStudioVersion = 10.0.40219.1
Project("{FAE04EC0-301F-11D3-BF4B-00C04F79EFBC}") = "test", "test\test.csproj", "{CBF8948D-1708-4666-86B2-C2CFAFBF97F0}"
EndProject
Global
	GlobalSection(SolutionConfigurationPlatforms) = preSolution
		Debug|Any CPU = Debug|Any CPU
		Release|Any CPU = Release|Any CPU
	EndGlobalSection
	GlobalSection(ProjectConfigurationPlatforms) = postSolution
		{CBF8948D-1708-4666-86B2-C2CFAFBF97F0}.Debug|Any CPU.ActiveCfg = Debug|Any CPU
		{CBF8948D-1708-4666-86B2-C2CFAFBF97F0}.Debug|Any CPU.Build.0 = Debug|Any CPU
		{CBF8948D-1708-4666-86B2-C2CFAFBF97F0}.Release|Any CPU.ActiveCfg = Release|Any CPU
		{CBF8948D-1708-4666-86B2-C2CFAFBF97F0}.Release|Any CPU.Build.0 = Release|Any CPU
	EndGlobalSection
	GlobalSection(SolutionProperties) = preSolution
		HideSolutionNode = FALSE
	EndGlobalSection
	GlobalSection(ExtensibilityGlobals) = postSolution
		SolutionGuid = {5D031518-332C-4229-8CB9-2E38C525D9EE}
	EndGlobalSection
EndGlobal
